{
  "lockfileVersion": 1,
  "configVersion": 1,
  "workspaces": {
    "": {
      "name": "critique",
    },
    "cli": {
      "name": "critique",
      "version": "0.1.141",
      "bin": "./dist/cli.js",
      "dependencies": {
        "@agentclientprotocol/sdk": "^0.13.1",
        "@clack/prompts": "1.0.0-alpha.9",
        "@opentuah/core": "0.1.97",
        "@opentuah/react": "0.1.97",
        "@parcel/watcher": "^2.5.6",
        "diff": "^8.0.2",
        "goke": "^6.6.1",
        "js-yaml": "^4.1.1",
        "marked": "^17.0.1",
        "picocolors": "^1.1.1",
        "react": "^19.2.0",
        "string-dedent": "^3.0.2",
        "strip-ansi": "^7.1.2",
        "supports-color": "^10.2.2",
        "zustand": "^5.0.8",
      },
      "devDependencies": {
        "@types/bun": "1.3.5",
        "@types/js-yaml": "^4.0.9",
        "@types/pdfkit": "^0.17.5",
        "tuistory": "^0.0.13",
        "typescript": "^5.9.3",
      },
      "optionalDependencies": {
        "@takumi-rs/core": "^0.65.0",
        "@takumi-rs/helpers": "^0.65.0",
        "pdfkit": "^0.17.2",
      },
    },
  },
  "packages": {
    "@agentclientprotocol/sdk": ["@agentclientprotocol/sdk@0.13.1", "", { "peerDependencies": { "zod": "^3.25.0 || ^4.0.0" } }, "sha512-6byvu+F/xc96GBkdAx4hq6/tB3vT63DSBO4i3gYCz8nuyZMerVFna2Gkhm8EHNpZX0J9DjUxzZCW+rnHXUg0FA=="],

    "@clack/core": ["@clack/core@1.0.0-alpha.7", "", { "dependencies": { "picocolors": "^1.0.0", "sisteransi": "^1.0.5" } }, "sha512-3vdh6Ar09D14rVxJZIm3VQJkU+ZOKKT5I5cC0cOVazy70CNyYYjiwRj9unwalhESndgxx6bGc/m6Hhs4EKF5XQ=="],

    "@clack/prompts": ["@clack/prompts@1.0.0-alpha.9", "", { "dependencies": { "@clack/core": "1.0.0-alpha.7", "picocolors": "^1.0.0", "sisteransi": "^1.0.5" } }, "sha512-sKs0UjiHFWvry4SiRfBi5Qnj0C/6AYx8aKkFPZQSuUZXgAram25ZDmhQmP7vj1aFyLpfHWtLQjWvOvcat0TOLg=="],

    "@dimforge/rapier2d-simd-compat": ["@dimforge/rapier2d-simd-compat@0.17.3", "", {}, "sha512-bijvwWz6NHsNj5e5i1vtd3dU2pDhthSaTUZSh14DUGGKJfw8eMnlWZsxwHBxB/a3AXVNDjL9abuHw1k9FGR+jg=="],

    "@hono/node-server": ["@hono/node-server@1.19.9", "", { "peerDependencies": { "hono": "^4" } }, "sha512-vHL6w3ecZsky+8P5MD+eFfaGTyCeOHUIFYMGpQGbrBTSmNNoxv0if69rEZ5giu36weC5saFuznL411gRX7bJDw=="],

    "@jimp/core": ["@jimp/core@1.6.0", "", { "dependencies": { "@jimp/file-ops": "1.6.0", "@jimp/types": "1.6.0", "@jimp/utils": "1.6.0", "await-to-js": "^3.0.0", "exif-parser": "^0.1.12", "file-type": "^16.0.0", "mime": "3" } }, "sha512-EQQlKU3s9QfdJqiSrZWNTxBs3rKXgO2W+GxNXDtwchF3a4IqxDheFX1ti+Env9hdJXDiYLp2jTRjlxhPthsk8w=="],

    "@jimp/diff": ["@jimp/diff@1.6.0", "", { "dependencies": { "@jimp/plugin-resize": "1.6.0", "@jimp/types": "1.6.0", "@jimp/utils": "1.6.0", "pixelmatch": "^5.3.0" } }, "sha512-+yUAQ5gvRC5D1WHYxjBHZI7JBRusGGSLf8AmPRPCenTzh4PA+wZ1xv2+cYqQwTfQHU5tXYOhA0xDytfHUf1Zyw=="],

    "@jimp/file-ops": ["@jimp/file-ops@1.6.0", "", {}, "sha512-Dx/bVDmgnRe1AlniRpCKrGRm5YvGmUwbDzt+MAkgmLGf+jvBT75hmMEZ003n9HQI/aPnm/YKnXjg/hOpzNCpHQ=="],

    "@jimp/js-bmp": ["@jimp/js-bmp@1.6.0", "", { "dependencies": { "@jimp/core": "1.6.0", "@jimp/types": "1.6.0", "@jimp/utils": "1.6.0", "bmp-ts": "^1.0.9" } }, "sha512-FU6Q5PC/e3yzLyBDXupR3SnL3htU7S3KEs4e6rjDP6gNEOXRFsWs6YD3hXuXd50jd8ummy+q2WSwuGkr8wi+Gw=="],

    "@jimp/js-gif": ["@jimp/js-gif@1.6.0", "", { "dependencies": { "@jimp/core": "1.6.0", "@jimp/types": "1.6.0", "gifwrap": "^0.10.1", "omggif": "^1.0.10" } }, "sha512-N9CZPHOrJTsAUoWkWZstLPpwT5AwJ0wge+47+ix3++SdSL/H2QzyMqxbcDYNFe4MoI5MIhATfb0/dl/wmX221g=="],

    "@jimp/js-jpeg": ["@jimp/js-jpeg@1.6.0", "", { "dependencies": { "@jimp/core": "1.6.0", "@jimp/types": "1.6.0", "jpeg-js": "^0.4.4" } }, "sha512-6vgFDqeusblf5Pok6B2DUiMXplH8RhIKAryj1yn+007SIAQ0khM1Uptxmpku/0MfbClx2r7pnJv9gWpAEJdMVA=="],

    "@jimp/js-png": ["@jimp/js-png@1.6.0", "", { "dependencies": { "@jimp/core": "1.6.0", "@jimp/types": "1.6.0", "pngjs": "^7.0.0" } }, "sha512-AbQHScy3hDDgMRNfG0tPjL88AV6qKAILGReIa3ATpW5QFjBKpisvUaOqhzJ7Reic1oawx3Riyv152gaPfqsBVg=="],

    "@jimp/js-tiff": ["@jimp/js-tiff@1.6.0", "", { "dependencies": { "@jimp/core": "1.6.0", "@jimp/types": "1.6.0", "utif2": "^4.1.0" } }, "sha512-zhReR8/7KO+adijj3h0ZQUOiun3mXUv79zYEAKvE0O+rP7EhgtKvWJOZfRzdZSNv0Pu1rKtgM72qgtwe2tFvyw=="],

    "@jimp/plugin-blit": ["@jimp/plugin-blit@1.6.0", "", { "dependencies": { "@jimp/types": "1.6.0", "@jimp/utils": "1.6.0", "zod": "^3.23.8" } }, "sha512-M+uRWl1csi7qilnSK8uxK4RJMSuVeBiO1AY0+7APnfUbQNZm6hCe0CCFv1Iyw1D/Dhb8ph8fQgm5mwM0eSxgVA=="],

    "@jimp/plugin-blur": ["@jimp/plugin-blur@1.6.0", "", { "dependencies": { "@jimp/core": "1.6.0", "@jimp/utils": "1.6.0" } }, "sha512-zrM7iic1OTwUCb0g/rN5y+UnmdEsT3IfuCXCJJNs8SZzP0MkZ1eTvuwK9ZidCuMo4+J3xkzCidRwYXB5CyGZTw=="],

    "@jimp/plugin-circle": ["@jimp/plugin-circle@1.6.0", "", { "dependencies": { "@jimp/types": "1.6.0", "zod": "^3.23.8" } }, "sha512-xt1Gp+LtdMKAXfDp3HNaG30SPZW6AQ7dtAtTnoRKorRi+5yCJjKqXRgkewS5bvj8DEh87Ko1ydJfzqS3P2tdWw=="],

    "@jimp/plugin-color": ["@jimp/plugin-color@1.6.0", "", { "dependencies": { "@jimp/core": "1.6.0", "@jimp/types": "1.6.0", "@jimp/utils": "1.6.0", "tinycolor2": "^1.6.0", "zod": "^3.23.8" } }, "sha512-J5q8IVCpkBsxIXM+45XOXTrsyfblyMZg3a9eAo0P7VPH4+CrvyNQwaYatbAIamSIN1YzxmO3DkIZXzRjFSz1SA=="],

    "@jimp/plugin-contain": ["@jimp/plugin-contain@1.6.0", "", { "dependencies": { "@jimp/core": "1.6.0", "@jimp/plugin-blit": "1.6.0", "@jimp/plugin-resize": "1.6.0", "@jimp/types": "1.6.0", "@jimp/utils": "1.6.0", "zod": "^3.23.8" } }, "sha512-oN/n+Vdq/Qg9bB4yOBOxtY9IPAtEfES8J1n9Ddx+XhGBYT1/QTU/JYkGaAkIGoPnyYvmLEDqMz2SGihqlpqfzQ=="],

    "@jimp/plugin-cover": ["@jimp/plugin-cover@1.6.0", "", { "dependencies": { "@jimp/core": "1.6.0", "@jimp/plugin-crop": "1.6.0", "@jimp/plugin-resize": "1.6.0", "@jimp/types": "1.6.0", "zod": "^3.23.8" } }, "sha512-Iow0h6yqSC269YUJ8HC3Q/MpCi2V55sMlbkkTTx4zPvd8mWZlC0ykrNDeAy9IJegrQ7v5E99rJwmQu25lygKLA=="],

    "@jimp/plugin-crop": ["@jimp/plugin-crop@1.6.0", "", { "dependencies": { "@jimp/core": "1.6.0", "@jimp/types": "1.6.0", "@jimp/utils": "1.6.0", "zod": "^3.23.8" } }, "sha512-KqZkEhvs+21USdySCUDI+GFa393eDIzbi1smBqkUPTE+pRwSWMAf01D5OC3ZWB+xZsNla93BDS9iCkLHA8wang=="],

    "@jimp/plugin-displace": ["@jimp/plugin-displace@1.6.0", "", { "dependencies": { "@jimp/types": "1.6.0", "@jimp/utils": "1.6.0", "zod": "^3.23.8" } }, "sha512-4Y10X9qwr5F+Bo5ME356XSACEF55485j5nGdiyJ9hYzjQP9nGgxNJaZ4SAOqpd+k5sFaIeD7SQ0Occ26uIng5Q=="],

    "@jimp/plugin-dither": ["@jimp/plugin-dither@1.6.0", "", { "dependencies": { "@jimp/types": "1.6.0" } }, "sha512-600d1RxY0pKwgyU0tgMahLNKsqEcxGdbgXadCiVCoGd6V6glyCvkNrnnwC0n5aJ56Htkj88PToSdF88tNVZEEQ=="],

    "@jimp/plugin-fisheye": ["@jimp/plugin-fisheye@1.6.0", "", { "dependencies": { "@jimp/types": "1.6.0", "@jimp/utils": "1.6.0", "zod": "^3.23.8" } }, "sha512-E5QHKWSCBFtpgZarlmN3Q6+rTQxjirFqo44ohoTjzYVrDI6B6beXNnPIThJgPr0Y9GwfzgyarKvQuQuqCnnfbA=="],

    "@jimp/plugin-flip": ["@jimp/plugin-flip@1.6.0", "", { "dependencies": { "@jimp/types": "1.6.0", "zod": "^3.23.8" } }, "sha512-/+rJVDuBIVOgwoyVkBjUFHtP+wmW0r+r5OQ2GpatQofToPVbJw1DdYWXlwviSx7hvixTWLKVgRWQ5Dw862emDg=="],

    "@jimp/plugin-hash": ["@jimp/plugin-hash@1.6.0", "", { "dependencies": { "@jimp/core": "1.6.0", "@jimp/js-bmp": "1.6.0", "@jimp/js-jpeg": "1.6.0", "@jimp/js-png": "1.6.0", "@jimp/js-tiff": "1.6.0", "@jimp/plugin-color": "1.6.0", "@jimp/plugin-resize": "1.6.0", "@jimp/types": "1.6.0", "@jimp/utils": "1.6.0", "any-base": "^1.1.0" } }, "sha512-wWzl0kTpDJgYVbZdajTf+4NBSKvmI3bRI8q6EH9CVeIHps9VWVsUvEyb7rpbcwVLWYuzDtP2R0lTT6WeBNQH9Q=="],

    "@jimp/plugin-mask": ["@jimp/plugin-mask@1.6.0", "", { "dependencies": { "@jimp/types": "1.6.0", "zod": "^3.23.8" } }, "sha512-Cwy7ExSJMZszvkad8NV8o/Z92X2kFUFM8mcDAhNVxU0Q6tA0op2UKRJY51eoK8r6eds/qak3FQkXakvNabdLnA=="],

    "@jimp/plugin-print": ["@jimp/plugin-print@1.6.0", "", { "dependencies": { "@jimp/core": "1.6.0", "@jimp/js-jpeg": "1.6.0", "@jimp/js-png": "1.6.0", "@jimp/plugin-blit": "1.6.0", "@jimp/types": "1.6.0", "parse-bmfont-ascii": "^1.0.6", "parse-bmfont-binary": "^1.0.6", "parse-bmfont-xml": "^1.1.6", "simple-xml-to-json": "^1.2.2", "zod": "^3.23.8" } }, "sha512-zarTIJi8fjoGMSI/M3Xh5yY9T65p03XJmPsuNet19K/Q7mwRU6EV2pfj+28++2PV2NJ+htDF5uecAlnGyxFN2A=="],

    "@jimp/plugin-quantize": ["@jimp/plugin-quantize@1.6.0", "", { "dependencies": { "image-q": "^4.0.0", "zod": "^3.23.8" } }, "sha512-EmzZ/s9StYQwbpG6rUGBCisc3f64JIhSH+ncTJd+iFGtGo0YvSeMdAd+zqgiHpfZoOL54dNavZNjF4otK+mvlg=="],

    "@jimp/plugin-resize": ["@jimp/plugin-resize@1.6.0", "", { "dependencies": { "@jimp/core": "1.6.0", "@jimp/types": "1.6.0", "zod": "^3.23.8" } }, "sha512-uSUD1mqXN9i1SGSz5ov3keRZ7S9L32/mAQG08wUwZiEi5FpbV0K8A8l1zkazAIZi9IJzLlTauRNU41Mi8IF9fA=="],

    "@jimp/plugin-rotate": ["@jimp/plugin-rotate@1.6.0", "", { "dependencies": { "@jimp/core": "1.6.0", "@jimp/plugin-crop": "1.6.0", "@jimp/plugin-resize": "1.6.0", "@jimp/types": "1.6.0", "@jimp/utils": "1.6.0", "zod": "^3.23.8" } }, "sha512-JagdjBLnUZGSG4xjCLkIpQOZZ3Mjbg8aGCCi4G69qR+OjNpOeGI7N2EQlfK/WE8BEHOW5vdjSyglNqcYbQBWRw=="],

    "@jimp/plugin-threshold": ["@jimp/plugin-threshold@1.6.0", "", { "dependencies": { "@jimp/core": "1.6.0", "@jimp/plugin-color": "1.6.0", "@jimp/plugin-hash": "1.6.0", "@jimp/types": "1.6.0", "@jimp/utils": "1.6.0", "zod": "^3.23.8" } }, "sha512-M59m5dzLoHOVWdM41O8z9SyySzcDn43xHseOH0HavjsfQsT56GGCC4QzU1banJidbUrePhzoEdS42uFE8Fei8w=="],

    "@jimp/types": ["@jimp/types@1.6.0", "", { "dependencies": { "zod": "^3.23.8" } }, "sha512-7UfRsiKo5GZTAATxm2qQ7jqmUXP0DxTArztllTcYdyw6Xi5oT4RaoXynVtCD4UyLK5gJgkZJcwonoijrhYFKfg=="],

    "@jimp/utils": ["@jimp/utils@1.6.0", "", { "dependencies": { "@jimp/types": "1.6.0", "tinycolor2": "^1.6.0" } }, "sha512-gqFTGEosKbOkYF/WFj26jMHOI5OH2jeP1MmC/zbK6BF6VJBf8rIC5898dPfSzZEbSA0wbbV5slbntWVc5PKLFA=="],

    "@opentuah/core": ["@opentuah/core@0.1.97", "", { "dependencies": { "bun-ffi-structs": "0.1.2", "diff": "8.0.2", "jimp": "1.6.0", "marked": "17.0.1", "yoga-layout": "3.2.1" }, "optionalDependencies": { "@dimforge/rapier2d-simd-compat": "^0.17.3", "@opentuah/core-darwin-arm64": "0.1.97", "@opentuah/core-darwin-x64": "0.1.97", "@opentuah/core-linux-arm64": "0.1.97", "@opentuah/core-linux-arm64-musl": "0.1.97", "@opentuah/core-linux-x64": "0.1.97", "@opentuah/core-linux-x64-musl": "0.1.97", "@opentuah/core-win32-arm64": "0.1.97", "@opentuah/core-win32-x64": "0.1.97", "bun-webgpu": "0.1.5", "planck": "^1.4.2", "three": "0.177.0" }, "peerDependencies": { "web-tree-sitter": "0.25.10" } }, "sha512-AqnrX2c7X0vGzEsV0G+GZ+Dtny05v5wgSnsINN0Ko0kCq8SnajvgROCNNpqHcG9RdEpIVfKmWNEd2yAhExGUhQ=="],

    "@opentuah/core-darwin-arm64": ["@opentuah/core-darwin-arm64@0.1.97", "", { "os": "darwin", "cpu": "arm64" }, "sha512-p9S9xTrjicN/UoqsJxIClyb1pThVoAtL75PF5Pbh7NLdZv/iP1Ps9+P+N0fJHvvCO0yrCe63yTlm6gQHW107zA=="],

    "@opentuah/core-darwin-x64": ["@opentuah/core-darwin-x64@0.1.97", "", { "os": "darwin", "cpu": "x64" }, "sha512-A40EPJJ6XyCPaaX1llmXr77NqNJagL7hqbtlthbA5YwUwNddrwAtuEf6QWa0tBAdjx086ul3PHypSJfD12Twpw=="],

    "@opentuah/core-linux-arm64": ["@opentuah/core-linux-arm64@0.1.97", "", { "os": "linux", "cpu": "arm64" }, "sha512-IX60MWnrjJ5L2UTybHt8szlWdXTtwjdKqcIUha4/7sBseHaMVdUDR/Uc2YEtPFVFa+il3y10TzqHxK2WJQP9xw=="],

    "@opentuah/core-linux-arm64-musl": ["@opentuah/core-linux-arm64-musl@0.1.97", "", { "os": "linux", "cpu": "arm64" }, "sha512-5OIc3t087g8gHBBKge3ijp+jQ7xIW1LVYGYvfc5hcBPgBJTAvMXPb6e7VKnMABW7CzknWD8jzaEUNtnaszhFDg=="],

    "@opentuah/core-linux-x64": ["@opentuah/core-linux-x64@0.1.97", "", { "os": "linux", "cpu": "x64" }, "sha512-GiNroJplEujlIlm089wfyqyNGgmvXB97okkqo2z3iKUh+J7xoInZ8edDrAVa4o6hJfGJI015Fzd/NoNhnGyNJg=="],

    "@opentuah/core-linux-x64-musl": ["@opentuah/core-linux-x64-musl@0.1.97", "", { "os": "linux", "cpu": "x64" }, "sha512-MVl2TBwEo9Zm/HCiJRb94klNaACa5UuwKoEi2hIXKrBoAElMfkRMEXGSdIkFx27dgJ6CQidSrX1MpbVx1NdpGw=="],

    "@opentuah/core-win32-arm64": ["@opentuah/core-win32-arm64@0.1.97", "", { "os": "win32", "cpu": "arm64" }, "sha512-xtE7F9/U0HpkMpNPXzX5ygede8pm+rcx+m/4KGHAvNgyIRbh33TH1dNlTgJckytkEWOs1l3ekyR4fSTtXxO07Q=="],

    "@opentuah/core-win32-x64": ["@opentuah/core-win32-x64@0.1.97", "", { "os": "win32", "cpu": "x64" }, "sha512-67WVESmcT/ClsO1TnjljvseU9n390yFk17VV+ILEKXqp/j8rRCdXkPORNure72anNKuSZ152BufgDvavMa724g=="],

    "@opentuah/react": ["@opentuah/react@0.1.97", "", { "dependencies": { "@opentuah/core": "0.1.97", "react-reconciler": "^0.32.0" }, "peerDependencies": { "react": ">=19.0.0", "react-devtools-core": "^7.0.1", "ws": "^8.18.0" } }, "sha512-22p1k7uPrJRon2epakRxS6uTX6VTe0e4P5tFLEhD6E0haY10S3Vx5E7uBEoT1+y8tJVEK35Z6QHFfp708jZh/A=="],

    "@parcel/watcher": ["@parcel/watcher@2.5.6", "", { "dependencies": { "detect-libc": "^2.0.3", "is-glob": "^4.0.3", "node-addon-api": "^7.0.0", "picomatch": "^4.0.3" }, "optionalDependencies": { "@parcel/watcher-android-arm64": "2.5.6", "@parcel/watcher-darwin-arm64": "2.5.6", "@parcel/watcher-darwin-x64": "2.5.6", "@parcel/watcher-freebsd-x64": "2.5.6", "@parcel/watcher-linux-arm-glibc": "2.5.6", "@parcel/watcher-linux-arm-musl": "2.5.6", "@parcel/watcher-linux-arm64-glibc": "2.5.6", "@parcel/watcher-linux-arm64-musl": "2.5.6", "@parcel/watcher-linux-x64-glibc": "2.5.6", "@parcel/watcher-linux-x64-musl": "2.5.6", "@parcel/watcher-win32-arm64": "2.5.6", "@parcel/watcher-win32-ia32": "2.5.6", "@parcel/watcher-win32-x64": "2.5.6" } }, "sha512-tmmZ3lQxAe/k/+rNnXQRawJ4NjxO2hqiOLTHvWchtGZULp4RyFeh6aU4XdOYBFe2KE1oShQTv4AblOs2iOrNnQ=="],

    "@parcel/watcher-android-arm64": ["@parcel/watcher-android-arm64@2.5.6", "", { "os": "android", "cpu": "arm64" }, "sha512-YQxSS34tPF/6ZG7r/Ih9xy+kP/WwediEUsqmtf0cuCV5TPPKw/PQHRhueUo6JdeFJaqV3pyjm0GdYjZotbRt/A=="],

    "@parcel/watcher-darwin-arm64": ["@parcel/watcher-darwin-arm64@2.5.6", "", { "os": "darwin", "cpu": "arm64" }, "sha512-Z2ZdrnwyXvvvdtRHLmM4knydIdU9adO3D4n/0cVipF3rRiwP+3/sfzpAwA/qKFL6i1ModaabkU7IbpeMBgiVEA=="],

    "@parcel/watcher-darwin-x64": ["@parcel/watcher-darwin-x64@2.5.6", "", { "os": "darwin", "cpu": "x64" }, "sha512-HgvOf3W9dhithcwOWX9uDZyn1lW9R+7tPZ4sug+NGrGIo4Rk1hAXLEbcH1TQSqxts0NYXXlOWqVpvS1SFS4fRg=="],

    "@parcel/watcher-freebsd-x64": ["@parcel/watcher-freebsd-x64@2.5.6", "", { "os": "freebsd", "cpu": "x64" }, "sha512-vJVi8yd/qzJxEKHkeemh7w3YAn6RJCtYlE4HPMoVnCpIXEzSrxErBW5SJBgKLbXU3WdIpkjBTeUNtyBVn8TRng=="],

    "@parcel/watcher-linux-arm-glibc": ["@parcel/watcher-linux-arm-glibc@2.5.6", "", { "os": "linux", "cpu": "arm" }, "sha512-9JiYfB6h6BgV50CCfasfLf/uvOcJskMSwcdH1PHH9rvS1IrNy8zad6IUVPVUfmXr+u+Km9IxcfMLzgdOudz9EQ=="],

    "@parcel/watcher-linux-arm-musl": ["@parcel/watcher-linux-arm-musl@2.5.6", "", { "os": "linux", "cpu": "arm" }, "sha512-Ve3gUCG57nuUUSyjBq/MAM0CzArtuIOxsBdQ+ftz6ho8n7s1i9E1Nmk/xmP323r2YL0SONs1EuwqBp2u1k5fxg=="],

    "@parcel/watcher-linux-arm64-glibc": ["@parcel/watcher-linux-arm64-glibc@2.5.6", "", { "os": "linux", "cpu": "arm64" }, "sha512-f2g/DT3NhGPdBmMWYoxixqYr3v/UXcmLOYy16Bx0TM20Tchduwr4EaCbmxh1321TABqPGDpS8D/ggOTaljijOA=="],

    "@parcel/watcher-linux-arm64-musl": ["@parcel/watcher-linux-arm64-musl@2.5.6", "", { "os": "linux", "cpu": "arm64" }, "sha512-qb6naMDGlbCwdhLj6hgoVKJl2odL34z2sqkC7Z6kzir8b5W65WYDpLB6R06KabvZdgoHI/zxke4b3zR0wAbDTA=="],

    "@parcel/watcher-linux-x64-glibc": ["@parcel/watcher-linux-x64-glibc@2.5.6", "", { "os": "linux", "cpu": "x64" }, "sha512-kbT5wvNQlx7NaGjzPFu8nVIW1rWqV780O7ZtkjuWaPUgpv2NMFpjYERVi0UYj1msZNyCzGlaCWEtzc+exjMGbQ=="],

    "@parcel/watcher-linux-x64-musl": ["@parcel/watcher-linux-x64-musl@2.5.6", "", { "os": "linux", "cpu": "x64" }, "sha512-1JRFeC+h7RdXwldHzTsmdtYR/Ku8SylLgTU/reMuqdVD7CtLwf0VR1FqeprZ0eHQkO0vqsbvFLXUmYm/uNKJBg=="],

    "@parcel/watcher-win32-arm64": ["@parcel/watcher-win32-arm64@2.5.6", "", { "os": "win32", "cpu": "arm64" }, "sha512-3ukyebjc6eGlw9yRt678DxVF7rjXatWiHvTXqphZLvo7aC5NdEgFufVwjFfY51ijYEWpXbqF5jtrK275z52D4Q=="],

    "@parcel/watcher-win32-ia32": ["@parcel/watcher-win32-ia32@2.5.6", "", { "os": "win32", "cpu": "ia32" }, "sha512-k35yLp1ZMwwee3Ez/pxBi5cf4AoBKYXj00CZ80jUz5h8prpiaQsiRPKQMxoLstNuqe2vR4RNPEAEcjEFzhEz/g=="],

    "@parcel/watcher-win32-x64": ["@parcel/watcher-win32-x64@2.5.6", "", { "os": "win32", "cpu": "x64" }, "sha512-hbQlYcCq5dlAX9Qx+kFb0FHue6vbjlf0FrNzSKdYK2APUf7tGfGxQCk2ihEREmbR6ZMc0MVAD5RIX/41gpUzTw=="],

    "@swc/helpers": ["@swc/helpers@0.5.18", "", { "dependencies": { "tslib": "^2.8.0" } }, "sha512-TXTnIcNJQEKwThMMqBXsZ4VGAza6bvN4pa41Rkqoio6QBKMvo+5lexeTMScGCIxtzgQJzElcvIltani+adC5PQ=="],

    "@takumi-rs/core": ["@takumi-rs/core@0.65.0", "", { "optionalDependencies": { "@takumi-rs/core-darwin-arm64": "0.65.0", "@takumi-rs/core-darwin-x64": "0.65.0", "@takumi-rs/core-linux-arm64-gnu": "0.65.0", "@takumi-rs/core-linux-arm64-musl": "0.65.0", "@takumi-rs/core-linux-x64-gnu": "0.65.0", "@takumi-rs/core-linux-x64-musl": "0.65.0", "@takumi-rs/core-win32-arm64-msvc": "0.65.0", "@takumi-rs/core-win32-x64-msvc": "0.65.0" } }, "sha512-lBNG+NRc602ul7Kxy9UohlbnFLVyloQP/DTxQzyNH+8khpdaIQTxpdHouzRzxf6upRDVDIVX5TG8oT16jKUAvQ=="],

    "@takumi-rs/core-darwin-arm64": ["@takumi-rs/core-darwin-arm64@0.65.0", "", { "os": "darwin", "cpu": "arm64" }, "sha512-Ii6ILOANG6IeGThsuYjG5azlHXyHWWdVbM1ps3+SJyUg2g4Qn+nTruKGqHQOLNdZ5+37vpTg4PWh79XrUvjXpw=="],

    "@takumi-rs/core-darwin-x64": ["@takumi-rs/core-darwin-x64@0.65.0", "", { "os": "darwin", "cpu": "x64" }, "sha512-SJGeFVQ2foVHpYL6EiD+jNJnvQmegDLbbJ/SzbaYemJ/kjza2vNDg251urXne6daQ+HoGXLjhQtzW1C5Nyyf5g=="],

    "@takumi-rs/core-linux-arm64-gnu": ["@takumi-rs/core-linux-arm64-gnu@0.65.0", "", { "os": "linux", "cpu": "arm64" }, "sha512-YbwZzQTugFwvYErXs2W/QsngPSU5H6ZtYJNdbz9/qk8EEU6eB593XiBxE9/1vbq6Sb3mH84mPXElf1BmWJlvzw=="],

    "@takumi-rs/core-linux-arm64-musl": ["@takumi-rs/core-linux-arm64-musl@0.65.0", "", { "os": "linux", "cpu": "arm64" }, "sha512-iZpzfnD1/Gyof3p+fYUIBxNkDH9vQviOeihZ7yAtPbGmY4AbnOjoUBHDyJoKWE0el/x1W17efvNE7FuvzP0O5Q=="],

    "@takumi-rs/core-linux-x64-gnu": ["@takumi-rs/core-linux-x64-gnu@0.65.0", "", { "os": "linux", "cpu": "x64" }, "sha512-kL4VclPYz7nmQuadCVSrAFvdy8LaJX5RPymG3upaHPcz0i7A8KmWY8jnQcDDkGQfPIi2lFncnt/sknCiaJ1t4Q=="],

    "@takumi-rs/core-linux-x64-musl": ["@takumi-rs/core-linux-x64-musl@0.65.0", "", { "os": "linux", "cpu": "x64" }, "sha512-2way2sF3p5bMlhGsDMmQGTPxtc37241POzAJ0bPRKR1fumylEAaADuXvN95qM4x9751iTke/wVhJOL28nV7asw=="],

    "@takumi-rs/core-win32-arm64-msvc": ["@takumi-rs/core-win32-arm64-msvc@0.65.0", "", { "os": "win32", "cpu": "arm64" }, "sha512-yCZqiu1b3XXhDUE7OaA5RdVg/nYcZU1nzToY7ViE4fR8PqOK54Ad8qOAKYZCTr4FwCB4sWo88/R7K1n0nPFpfA=="],

    "@takumi-rs/core-win32-x64-msvc": ["@takumi-rs/core-win32-x64-msvc@0.65.0", "", { "os": "win32", "cpu": "x64" }, "sha512-SAw224AhLcKa9+ttO4IxeTquOvyz8pnDeGugzmQZerYO18kOuOCiP1g4VRhM1drpEFN7bbnhSnIvrewg5m4akw=="],

    "@takumi-rs/helpers": ["@takumi-rs/helpers@0.65.0", "", {}, "sha512-3BsiW0iP3Y7xUPmT/tJBClb59qTxtHEYHQUznXdtDA0qyN6YAWABA6U0DTd3la6XHMEDyKaHV263OL679FyPaA=="],

    "@tokenizer/token": ["@tokenizer/token@0.3.0", "", {}, "sha512-OvjF+z51L3ov0OyAU0duzsYuvO01PH7x4t6DJx+guahgTnBHkhJdG7soQeTSFLWN3efnHyibZ4Z8l2EuWwJN3A=="],

    "@types/bun": ["@types/bun@1.3.5", "", { "dependencies": { "bun-types": "1.3.5" } }, "sha512-RnygCqNrd3srIPEWBd5LFeUYG7plCoH2Yw9WaZGyNmdTEei+gWaHqydbaIRkIkcbXwhBT94q78QljxN0Sk838w=="],

    "@types/js-yaml": ["@types/js-yaml@4.0.9", "", {}, "sha512-k4MGaQl5TGo/iipqb2UDG2UwjXziSWkh0uysQelTlJpX1qGlpUZYm8PnO4DxG1qBomtJUdYJ6qR6xdIah10JLg=="],

    "@types/node": ["@types/node@25.2.3", "", { "dependencies": { "undici-types": "~7.16.0" } }, "sha512-m0jEgYlYz+mDJZ2+F4v8D1AyQb+QzsNqRuI7xg1VQX/KlKS0qT9r1Mo16yo5F/MtifXFgaofIFsdFMox2SxIbQ=="],

    "@types/pdfkit": ["@types/pdfkit@0.17.5", "", { "dependencies": { "@types/node": "*" } }, "sha512-T3ZHnvF91HsEco5ClhBCOuBwobZfPcI2jaiSHybkkKYq4KhVIIurod94JVKvDIG0JXT6o3KiERC0X0//m8dyrg=="],

    "@types/react": ["@types/react@19.2.14", "", { "dependencies": { "csstype": "^3.2.2" } }, "sha512-ilcTH/UniCkMdtexkoCN0bI7pMcJDvmQFPvuPvmEaYA/NSfFTAgdUSLAoVjaRJm7+6PvcM+q1zYOwS4wTYMF9w=="],

    "@webgpu/types": ["@webgpu/types@0.1.69", "", {}, "sha512-RPmm6kgRbI8e98zSD3RVACvnuktIja5+yLgDAkTmxLr90BEwdTXRQWNLF3ETTTyH/8mKhznZuN5AveXYFEsMGQ=="],

    "abort-controller": ["abort-controller@3.0.0", "", { "dependencies": { "event-target-shim": "^5.0.0" } }, "sha512-h8lQ8tacZYnR3vNQTgibj+tODHI5/+l06Au2Pcriv/Gmet0eaj4TwWH41sO9wnHDiQsEj19q0drzdWdeAHtweg=="],

    "ansi-regex": ["ansi-regex@6.2.2", "", {}, "sha512-Bq3SmSpyFHaWjPk8If9yc6svM8c56dB5BAtW4Qbw5jHTwwXXcTLoRMkpDJp6VL0XzlWaCHTXrkFURMYmD0sLqg=="],

    "any-base": ["any-base@1.1.0", "", {}, "sha512-uMgjozySS8adZZYePpaWs8cxB9/kdzmpX6SgJZ+wbz1K5eYk5QMYDVJaZKhxyIHUdnnJkfR7SVgStgH7LkGUyg=="],

    "argparse": ["argparse@2.0.1", "", {}, "sha512-8+9WqebbFzpX9OR+Wa6O29asIogeRMzcGtAINdpMHHyAg10f05aSFVBbcEqGf/PXw1EjAZ+q2/bEBg3DvurK3Q=="],

    "await-to-js": ["await-to-js@3.0.0", "", {}, "sha512-zJAaP9zxTcvTHRlejau3ZOY4V7SRpiByf3/dxx2uyKxxor19tpmpV2QRsTKikckwhaPmr2dVpxxMr7jOCYVp5g=="],

    "base64-js": ["base64-js@0.0.8", "", {}, "sha512-3XSA2cR/h/73EzlXXdU6YNycmYI7+kicTxks4eJg2g39biHR84slg2+des+p7iHYhbRg/udIS4TD53WabcOUkw=="],

    "bmp-ts": ["bmp-ts@1.0.9", "", {}, "sha512-cTEHk2jLrPyi+12M3dhpEbnnPOsaZuq7C45ylbbQIiWgDFZq4UVYPEY5mlqjvsj/6gJv9qX5sa+ebDzLXT28Vw=="],

    "brotli": ["brotli@1.3.3", "", { "dependencies": { "base64-js": "^1.1.2" } }, "sha512-oTKjJdShmDuGW94SyyaoQvAjf30dZaHnjJ8uAF+u2/vGJkJbJPJAT1gDiOJP5v1Zb6f9KEyW/1HpuaWIXtGHPg=="],

    "buffer": ["buffer@6.0.3", "", { "dependencies": { "base64-js": "^1.3.1", "ieee754": "^1.2.1" } }, "sha512-FTiCpNxtwiZZHEZbcbTIcZjERVICn9yq/pDFkTl95/AxzD1naBctN7YO68riM/gLSDY7sdrMby8hofADYuuqOA=="],

    "bun-ffi-structs": ["bun-ffi-structs@0.1.2", "", { "peerDependencies": { "typescript": "^5" } }, "sha512-Lh1oQAYHDcnesJauieA4UNkWGXY9hYck7OA5IaRwE3Bp6K2F2pJSNYqq+hIy7P3uOvo3km3oxS8304g5gDMl/w=="],

    "bun-types": ["bun-types@1.3.5", "", { "dependencies": { "@types/node": "*" } }, "sha512-inmAYe2PFLs0SUbFOWSVD24sg1jFlMPxOjOSSCYqUgn4Hsc3rDc7dFvfVYjFPNHtov6kgUeulV4SxbuIV/stPw=="],

    "bun-webgpu": ["bun-webgpu@0.1.5", "", { "dependencies": { "@webgpu/types": "^0.1.60" }, "optionalDependencies": { "bun-webgpu-darwin-arm64": "^0.1.5", "bun-webgpu-darwin-x64": "^0.1.5", "bun-webgpu-linux-x64": "^0.1.5", "bun-webgpu-win32-x64": "^0.1.5" } }, "sha512-91/K6S5whZKX7CWAm9AylhyKrLGRz6BUiiPiM/kXadSnD4rffljCD/q9cNFftm5YXhx4MvLqw33yEilxogJvwA=="],

    "bun-webgpu-darwin-arm64": ["bun-webgpu-darwin-arm64@0.1.5", "", { "os": "darwin", "cpu": "arm64" }, "sha512-qM7W5IaFpWYGPDcNiQ8DOng3noQ97gxpH2MFH1mGsdKwI0T4oy++egSh5Z7s6AQx8WKgc9GzAsTUM4KZkFdacw=="],

    "bun-webgpu-darwin-x64": ["bun-webgpu-darwin-x64@0.1.5", "", { "os": "darwin", "cpu": "x64" }, "sha512-oVoIsme27pcXB68YxnQSAgdNGCa4A3PGWYIBUewOh9VnJaoik4JenGb5Yy+svGE+ETFhQXV9nhHqgMPsDRrO6A=="],

    "bun-webgpu-linux-x64": ["bun-webgpu-linux-x64@0.1.5", "", { "os": "linux", "cpu": "x64" }, "sha512-+SYt09k+xDEl/GfcU7L1zdNgm7IlvAFKV5Xl/auBwuprKG5UwXNhjRlRAWfhTMCUZWN+NDf8E+ZQx0cQi9K2/g=="],

    "bun-webgpu-win32-x64": ["bun-webgpu-win32-x64@0.1.5", "", { "os": "win32", "cpu": "x64" }, "sha512-zvnUl4EAsQbKsmZVu+lEJcH8axQ7MiCfqg2OmnHd6uw1THABmHaX0GbpKiHshdgadNN2Nf+4zDyTJB5YMcAdrA=="],

    "clone": ["clone@2.1.2", "", {}, "sha512-3Pe/CF1Nn94hyhIYpjtiLhdCoEoz0DqQ+988E9gmeEdQZlojxnOb74wctFyuwWQHzqyf9X7C7MG8juUpqBJT8w=="],

    "critique": ["critique@workspace:cli"],

    "cross-spawn": ["cross-spawn@5.1.0", "", { "dependencies": { "lru-cache": "^4.0.1", "shebang-command": "^1.2.0", "which": "^1.2.9" } }, "sha512-pTgQJ5KC0d2hcY8eyL1IzlBPYjTkyH72XRZPnLyKus2mBfNjQs3klqbJU2VILqZryAZUt9JOb3h/mWMy23/f5A=="],

    "crypto-js": ["crypto-js@4.2.0", "", {}, "sha512-KALDyEYgpY+Rlob/iriUtjV6d5Eq+Y191A5g4UqLAi8CyGP9N1+FdVbkc1SxKc2r4YAYqG8JzO2KGL+AizD70Q=="],

    "csstype": ["csstype@3.2.3", "", {}, "sha512-z1HGKcYy2xA8AGQfwrn0PAy+PB7X/GSj3UVJW9qKyn43xWa+gl5nXmU4qqLMRzWVLFC8KusUX8T/0kCiOYpAIQ=="],

    "detect-libc": ["detect-libc@2.1.2", "", {}, "sha512-Btj2BOOO83o3WyH59e8MgXsxEQVcarkUOpEYrubB0urwnN10yQ364rsiByU11nZlqWYZm05i/of7io4mzihBtQ=="],

    "dfa": ["dfa@1.2.0", "", {}, "sha512-ED3jP8saaweFTjeGX8HQPjeC1YYyZs98jGNZx6IiBvxW7JG5v492kamAQB3m2wop07CvU/RQmzcKr6bgcC5D/Q=="],

    "diff": ["diff@8.0.3", "", {}, "sha512-qejHi7bcSD4hQAZE0tNAawRK1ZtafHDmMTMkrrIGgSLl7hTnQHmKCeB45xAcbfTqK2zowkM3j3bHt/4b/ARbYQ=="],

    "event-target-shim": ["event-target-shim@5.0.1", "", {}, "sha512-i/2XbnSz/uxRCU6+NdVJgKWDTM427+MqYbkQzD321DuCQJUqOuJKIA0IM2+W2xtYHdKOmZ4dR6fExsd4SXL+WQ=="],

    "events": ["events@3.3.0", "", {}, "sha512-mQw+2fkQbALzQ7V0MY0IqdnXNOeTtP4r0lN9z7AAawCXgqea7bDii20AYrIBrFd/Hx0M2Ocz6S111CaFkUcb0Q=="],

    "execa": ["execa@0.9.0", "", { "dependencies": { "cross-spawn": "^5.0.1", "get-stream": "^3.0.0", "is-stream": "^1.1.0", "npm-run-path": "^2.0.0", "p-finally": "^1.0.0", "signal-exit": "^3.0.0", "strip-eof": "^1.0.0" } }, "sha512-BbUMBiX4hqiHZUA5+JujIjNb6TyAlp2D5KLheMjMluwOuzcnylDL4AxZYLLn1n2AGB49eSWwyKvvEQoRpnAtmA=="],

    "exif-parser": ["exif-parser@0.1.12", "", {}, "sha512-c2bQfLNbMzLPmzQuOr8fy0csy84WmwnER81W88DzTp9CYNPJ6yzOj2EZAh9pywYpqHnshVLHQJ8WzldAyfY+Iw=="],

    "fast-deep-equal": ["fast-deep-equal@3.1.3", "", {}, "sha512-f3qQ9oQy9j2AhBe/H9VC91wLmKBCCU/gDOnKNAYG5hswO7BLKj09Hc5HYNz9cGI++xlpDCIgDaitVs03ATR84Q=="],

    "file-type": ["file-type@16.5.4", "", { "dependencies": { "readable-web-to-node-stream": "^3.0.0", "strtok3": "^6.2.4", "token-types": "^4.1.1" } }, "sha512-/yFHK0aGjFEgDJjEKP0pWCplsPFPhwyfwevf/pVxiN0tmE4L9LmwWxWukdJSHdoCli4VgQLehjJtwQBnqmsKcw=="],

    "fontkit": ["fontkit@2.0.4", "", { "dependencies": { "@swc/helpers": "^0.5.12", "brotli": "^1.3.2", "clone": "^2.1.2", "dfa": "^1.2.0", "fast-deep-equal": "^3.1.3", "restructure": "^3.0.0", "tiny-inflate": "^1.0.3", "unicode-properties": "^1.4.0", "unicode-trie": "^2.0.0" } }, "sha512-syetQadaUEDNdxdugga9CpEYVaQIxOwk7GlwZWWZ19//qW4zE5bknOKeMBDYAASwnpaSHKJITRLMF9m1fp3s6g=="],

    "get-stream": ["get-stream@3.0.0", "", {}, "sha512-GlhdIUuVakc8SJ6kK0zAFbiGzRFzNnY4jUuEbV9UROo4Y+0Ny4fjvcZFVTeDA4odpFyOQzaw6hXukJSq/f28sQ=="],

    "get-them-args": ["get-them-args@1.3.2", "", {}, "sha512-LRn8Jlk+DwZE4GTlDbT3Hikd1wSHgLMme/+7ddlqKd7ldwR6LjJgTVWzBnR01wnYGe4KgrXjg287RaI22UHmAw=="],

    "ghostty-opentui": ["ghostty-opentui@1.3.13", "", { "dependencies": { "strip-ansi": "^7.1.2" }, "peerDependencies": { "@opentui/core": "*" }, "optionalPeers": ["@opentui/core"] }, "sha512-4ct/FNfpiL+1wges5+NqN97I3ndvhxokAU7UtPXyTmNKHrDG43gnNkUBTxiiW11qAmz2XLYF+51YjXuecZ552Q=="],

    "gifwrap": ["gifwrap@0.10.1", "", { "dependencies": { "image-q": "^4.0.0", "omggif": "^1.0.10" } }, "sha512-2760b1vpJHNmLzZ/ubTtNnEx5WApN/PYWJvXvgS+tL1egTTthayFYIQQNi136FLEDcN/IyEY2EcGpIITD6eYUw=="],

    "goke": ["goke@6.6.1", "", {}, "sha512-J2tmLZC9WE1IpPd1WROKMxla4ko0mthd44C/hdURKb6XPZtdNkLPyLFJxGOvmNmLpVJ6EkQkVGqlRl9Rpq1cbg=="],

    "hono": ["hono@4.11.9", "", {}, "sha512-Eaw2YTGM6WOxA6CXbckaEvslr2Ne4NFsKrvc0v97JD5awbmeBLO5w9Ho9L9kmKonrwF9RJlW6BxT1PVv/agBHQ=="],

    "ieee754": ["ieee754@1.2.1", "", {}, "sha512-dcyqhDvX1C46lXZcVqCpK+FtMRQVdIMN6/Df5js2zouUsqG7I6sFxitIC+7KYK29KdXOLHdu9zL4sFnoVQnqaA=="],

    "image-q": ["image-q@4.0.0", "", { "dependencies": { "@types/node": "16.9.1" } }, "sha512-PfJGVgIfKQJuq3s0tTDOKtztksibuUEbJQIYT3by6wctQo+Rdlh7ef4evJ5NCdxY4CfMbvFkocEwbl4BF8RlJw=="],

    "is-extglob": ["is-extglob@2.1.1", "", {}, "sha512-SbKbANkN603Vi4jEZv49LeVJMn4yGwsbzZworEoyEiutsN3nJYdbO36zfhGJ6QEDpOZIFkDtnq5JRxmvl3jsoQ=="],

    "is-glob": ["is-glob@4.0.3", "", { "dependencies": { "is-extglob": "^2.1.1" } }, "sha512-xelSayHH36ZgE7ZWhli7pW34hNbNl8Ojv5KVmkJD4hBdD3th8Tfk9vYasLM+mXWOZhFkgZfxhLSnrwRr4elSSg=="],

    "is-stream": ["is-stream@1.1.0", "", {}, "sha512-uQPm8kcs47jx38atAcWTVxyltQYoPT68y9aWYdV6yWXSyW8mzSat0TL6CiWdZeCdF3KrAvpVtnHbTv4RN+rqdQ=="],

    "isexe": ["isexe@2.0.0", "", {}, "sha512-RHxMLp9lnKHGHRng9QFhRCMbYAcVpn69smSGcq3f36xjgVVWThj4qqLbTLlq7Ssj8B+fIQ1EuCEGI2lKsyQeIw=="],

    "jimp": ["jimp@1.6.0", "", { "dependencies": { "@jimp/core": "1.6.0", "@jimp/diff": "1.6.0", "@jimp/js-bmp": "1.6.0", "@jimp/js-gif": "1.6.0", "@jimp/js-jpeg": "1.6.0", "@jimp/js-png": "1.6.0", "@jimp/js-tiff": "1.6.0", "@jimp/plugin-blit": "1.6.0", "@jimp/plugin-blur": "1.6.0", "@jimp/plugin-circle": "1.6.0", "@jimp/plugin-color": "1.6.0", "@jimp/plugin-contain": "1.6.0", "@jimp/plugin-cover": "1.6.0", "@jimp/plugin-crop": "1.6.0", "@jimp/plugin-displace": "1.6.0", "@jimp/plugin-dither": "1.6.0", "@jimp/plugin-fisheye": "1.6.0", "@jimp/plugin-flip": "1.6.0", "@jimp/plugin-hash": "1.6.0", "@jimp/plugin-mask": "1.6.0", "@jimp/plugin-print": "1.6.0", "@jimp/plugin-quantize": "1.6.0", "@jimp/plugin-resize": "1.6.0", "@jimp/plugin-rotate": "1.6.0", "@jimp/plugin-threshold": "1.6.0", "@jimp/types": "1.6.0", "@jimp/utils": "1.6.0" } }, "sha512-YcwCHw1kiqEeI5xRpDlPPBGL2EOpBKLwO4yIBJcXWHPj5PnA5urGq0jbyhM5KoNpypQ6VboSoxc9D8HyfvngSg=="],

    "jpeg-exif": ["jpeg-exif@1.1.4", "", {}, "sha512-a+bKEcCjtuW5WTdgeXFzswSrdqi0jk4XlEtZlx5A94wCoBpFjfFTbo/Tra5SpNCl/YFZPvcV1dJc+TAYeg6ROQ=="],

    "jpeg-js": ["jpeg-js@0.4.4", "", {}, "sha512-WZzeDOEtTOBK4Mdsar0IqEU5sMr3vSV2RqkAIzUEV2BHnUfKGyswWFPFwK5EeDo93K3FohSHbLAjj0s1Wzd+dg=="],

    "js-yaml": ["js-yaml@4.1.1", "", { "dependencies": { "argparse": "^2.0.1" }, "bin": { "js-yaml": "bin/js-yaml.js" } }, "sha512-qQKT4zQxXl8lLwBtHMWwaTcGfFOZviOJet3Oy/xmGk2gZH677CJM9EvtfdSkgWcATZhj/55JZ0rmy3myCT5lsA=="],

    "kill-port-process": ["kill-port-process@3.2.1", "", { "dependencies": { "get-them-args": "1.3.2", "pid-from-port": "1.1.3" }, "bin": { "kill-port": "dist/bin/kill-port-process.js" } }, "sha512-9rRL5uivhIaW82ES0xTeciG5dfHUVQ0MqUycyf6Y1GBzDNB/fHxKStFUqnL4hCwGp89AcrKIjJWEVZHhSUi9LQ=="],

    "linebreak": ["linebreak@1.1.0", "", { "dependencies": { "base64-js": "0.0.8", "unicode-trie": "^2.0.0" } }, "sha512-MHp03UImeVhB7XZtjd0E4n6+3xr5Dq/9xI/5FptGk5FrbDR3zagPa2DS6U8ks/3HjbKWG9Q1M2ufOzxV2qLYSQ=="],

    "lru-cache": ["lru-cache@4.1.5", "", { "dependencies": { "pseudomap": "^1.0.2", "yallist": "^2.1.2" } }, "sha512-sWZlbEP2OsHNkXrMl5GYk/jKk70MBng6UU4YI/qGDYbgf6YbP4EvmqISbXCoJiRKs+1bSpFHVgQxvJ17F2li5g=="],

    "marked": ["marked@17.0.1", "", { "bin": { "marked": "bin/marked.js" } }, "sha512-boeBdiS0ghpWcSwoNm/jJBwdpFaMnZWRzjA6SkUMYb40SVaN1x7mmfGKp0jvexGcx+7y2La5zRZsYFZI6Qpypg=="],

    "mime": ["mime@3.0.0", "", { "bin": { "mime": "cli.js" } }, "sha512-jSCU7/VB1loIWBZe14aEYHU/+1UMEHoaO7qxCOVJOw9GgH72VAWppxNcjU+x9a2k3GSIBXNKxXQFqRvvZ7vr3A=="],

    "nan": ["nan@2.25.0", "", {}, "sha512-0M90Ag7Xn5KMLLZ7zliPWP3rT90P6PN+IzVFS0VqmnPktBk3700xUVv8Ikm9EUaUE5SDWdp/BIxdENzVznpm1g=="],

    "node-addon-api": ["node-addon-api@7.1.1", "", {}, "sha512-5m3bsyrjFWE1xf7nz7YXdN4udnVtXK6/Yfgn5qnahL6bCkf2yKt4k3nuTKAtT4r3IG8JNR2ncsIMdZuAzJjHQQ=="],

    "node-pty": ["node-pty@0.10.1", "", { "dependencies": { "nan": "^2.14.0" } }, "sha512-JTdtUS0Im/yRsWJSx7yiW9rtpfmxqxolrtnyKwPLI+6XqTAPW/O2MjS8FYL4I5TsMbH2lVgDb2VMjp+9LoQGNg=="],

    "npm-run-path": ["npm-run-path@2.0.2", "", { "dependencies": { "path-key": "^2.0.0" } }, "sha512-lJxZYlT4DW/bRUtFh1MQIWqmLwQfAxnqWG4HhEdjMlkrJYnJn0Jrr2u3mgxqaWsdiBc76TYkTG/mhrnYTuzfHw=="],

    "omggif": ["omggif@1.0.10", "", {}, "sha512-LMJTtvgc/nugXj0Vcrrs68Mn2D1r0zf630VNtqtpI1FEO7e+O9FP4gqs9AcnBaSEeoHIPm28u6qgPR0oyEpGSw=="],

    "p-finally": ["p-finally@1.0.0", "", {}, "sha512-LICb2p9CB7FS+0eR1oqWnHhp0FljGLZCWBE9aix0Uye9W8LTQPwMTYVGWQWIw9RdQiDg4+epXQODwIYJtSJaow=="],

    "pako": ["pako@0.2.9", "", {}, "sha512-NUcwaKxUxWrZLpDG+z/xZaCgQITkA/Dv4V/T6bw7VON6l1Xz/VnrBqrYjZQ12TamKHzITTfOEIYUj48y2KXImA=="],

    "parse-bmfont-ascii": ["parse-bmfont-ascii@1.0.6", "", {}, "sha512-U4RrVsUFCleIOBsIGYOMKjn9PavsGOXxbvYGtMOEfnId0SVNsgehXh1DxUdVPLoxd5mvcEtvmKs2Mmf0Mpa1ZA=="],

    "parse-bmfont-binary": ["parse-bmfont-binary@1.0.6", "", {}, "sha512-GxmsRea0wdGdYthjuUeWTMWPqm2+FAd4GI8vCvhgJsFnoGhTrLhXDDupwTo7rXVAgaLIGoVHDZS9p/5XbSqeWA=="],

    "parse-bmfont-xml": ["parse-bmfont-xml@1.1.6", "", { "dependencies": { "xml-parse-from-string": "^1.0.0", "xml2js": "^0.5.0" } }, "sha512-0cEliVMZEhrFDwMh4SxIyVJpqYoOWDJ9P895tFuS+XuNzI5UBmBk5U5O4KuJdTnZpSBI4LFA2+ZiJaiwfSwlMA=="],

    "path-key": ["path-key@2.0.1", "", {}, "sha512-fEHGKCSmUSDPv4uoj8AlD+joPlq3peND+HRYyxFz4KPw4z926S/b8rIuFs2FYJg3BwsxJf6A9/3eIdLaYC+9Dw=="],

    "pdfkit": ["pdfkit@0.17.2", "", { "dependencies": { "crypto-js": "^4.2.0", "fontkit": "^2.0.4", "jpeg-exif": "^1.1.4", "linebreak": "^1.1.0", "png-js": "^1.0.0" } }, "sha512-UnwF5fXy08f0dnp4jchFYAROKMNTaPqb/xgR8GtCzIcqoTnbOqtp3bwKvO4688oHI6vzEEs8Q6vqqEnC5IUELw=="],

    "peek-readable": ["peek-readable@4.1.0", "", {}, "sha512-ZI3LnwUv5nOGbQzD9c2iDG6toheuXSZP5esSHBjopsXH4dg19soufvpUGA3uohi5anFtGb2lhAVdHzH6R/Evvg=="],

    "picocolors": ["picocolors@1.1.1", "", {}, "sha512-xceH2snhtb5M9liqDsmEw56le376mTZkEX/jEb/RxNFyegNul7eNslCXP9FDj/Lcu0X8KEyMceP2ntpaHrDEVA=="],

    "picomatch": ["picomatch@4.0.3", "", {}, "sha512-5gTmgEY/sqK6gFXLIsQNH19lWb4ebPDLA4SdLP7dsWkIXHWlG66oPuVvXSGFPppYZz8ZDZq0dYYrbHfBCVUb1Q=="],

    "pid-from-port": ["pid-from-port@1.1.3", "", { "dependencies": { "execa": "^0.9.0" } }, "sha512-OlE82n3yMOE5dY9RMOwxhoWefeMlxwk5IVxoj0sSzSFIlmvhN4obzTvO3s/d/b5JhcgXikjaspsy/HuUDTqbBg=="],

    "pixelmatch": ["pixelmatch@5.3.0", "", { "dependencies": { "pngjs": "^6.0.0" }, "bin": { "pixelmatch": "bin/pixelmatch" } }, "sha512-o8mkY4E/+LNUf6LzX96ht6k6CEDi65k9G2rjMtBe9Oo+VPKSvl+0GKHuH/AlG+GA5LPG/i5hrekkxUc3s2HU+Q=="],

    "planck": ["planck@1.4.3", "", { "peerDependencies": { "stage-js": "^1.0.0-alpha.12" } }, "sha512-B+lHKhRSeg7vZOfEyEzyQVu7nx8JHcX3QgnAcHXrPW0j04XYKX5eXSiUrxH2Z5QR8OoqvjD6zKIaPMdMYAd0uA=="],

    "png-js": ["png-js@1.0.0", "", {}, "sha512-k+YsbhpA9e+EFfKjTCH3VW6aoKlyNYI6NYdTfDL4CIvFnvsuO84ttonmZE7rc+v23SLTH8XX+5w/Ak9v0xGY4g=="],

    "pngjs": ["pngjs@7.0.0", "", {}, "sha512-LKWqWJRhstyYo9pGvgor/ivk2w94eSjE3RGVuzLGlr3NmD8bf7RcYGze1mNdEHRP6TRP6rMuDHk5t44hnTRyow=="],

    "process": ["process@0.11.10", "", {}, "sha512-cdGef/drWFoydD1JsMzuFf8100nZl+GT+yacc2bEced5f9Rjk4z+WtFUTBu9PhOi9j/jfmBPu0mMEY4wIdAF8A=="],

    "pseudomap": ["pseudomap@1.0.2", "", {}, "sha512-b/YwNhb8lk1Zz2+bXXpS/LK9OisiZZ1SNsSLxN1x2OXVEhW2Ckr/7mWE5vrC1ZTiJlD9g19jWszTmJsB+oEpFQ=="],

    "react": ["react@19.2.4", "", {}, "sha512-9nfp2hYpCwOjAN+8TZFGhtWEwgvWHXqESH8qT89AT/lWklpLON22Lc8pEtnpsZz7VmawabSU0gCjnj8aC0euHQ=="],

    "react-devtools-core": ["react-devtools-core@7.0.1", "", { "dependencies": { "shell-quote": "^1.6.1", "ws": "^7" } }, "sha512-C3yNvRHaizlpiASzy7b9vbnBGLrhvdhl1CbdU6EnZgxPNbai60szdLtl+VL76UNOt5bOoVTOz5rNWZxgGt+Gsw=="],

    "react-reconciler": ["react-reconciler@0.32.0", "", { "dependencies": { "scheduler": "^0.26.0" }, "peerDependencies": { "react": "^19.1.0" } }, "sha512-2NPMOzgTlG0ZWdIf3qG+dcbLSoAc/uLfOwckc3ofy5sSK0pLJqnQLpUFxvGcN2rlXSjnVtGeeFLNimCQEj5gOQ=="],

    "readable-stream": ["readable-stream@4.7.0", "", { "dependencies": { "abort-controller": "^3.0.0", "buffer": "^6.0.3", "events": "^3.3.0", "process": "^0.11.10", "string_decoder": "^1.3.0" } }, "sha512-oIGGmcpTLwPga8Bn6/Z75SVaH1z5dUut2ibSyAMVhmUggWpmDn2dapB0n7f8nwaSiRtepAsfJyfXIO5DCVAODg=="],

    "readable-web-to-node-stream": ["readable-web-to-node-stream@3.0.4", "", { "dependencies": { "readable-stream": "^4.7.0" } }, "sha512-9nX56alTf5bwXQ3ZDipHJhusu9NTQJ/CVPtb/XHAJCXihZeitfJvIRS4GqQ/mfIoOE3IelHMrpayVrosdHBuLw=="],

    "restructure": ["restructure@3.0.2", "", {}, "sha512-gSfoiOEA0VPE6Tukkrr7I0RBdE0s7H1eFCDBk05l1KIQT1UIKNc5JZy6jdyW6eYH3aR3g5b3PuL77rq0hvwtAw=="],

    "safe-buffer": ["safe-buffer@5.2.1", "", {}, "sha512-rp3So07KcdmmKbGvgaNxQSJr7bGVSVk5S9Eq1F+ppbRo70+YeaDxkw5Dd8NPN+GD6bjnYm2VuPuCXmpuYvmCXQ=="],

    "sax": ["sax@1.4.4", "", {}, "sha512-1n3r/tGXO6b6VXMdFT54SHzT9ytu9yr7TaELowdYpMqY/Ao7EnlQGmAQ1+RatX7Tkkdm6hONI2owqNx2aZj5Sw=="],

    "scheduler": ["scheduler@0.26.0", "", {}, "sha512-NlHwttCI/l5gCPR3D1nNXtWABUmBwvZpEQiD4IXSbIDq8BzLIK/7Ir5gTFSGZDUu37K5cMNp0hFtzO38sC7gWA=="],

    "shebang-command": ["shebang-command@1.2.0", "", { "dependencies": { "shebang-regex": "^1.0.0" } }, "sha512-EV3L1+UQWGor21OmnvojK36mhg+TyIKDh3iFBKBohr5xeXIhNBcx8oWdgkTEEQ+BEFFYdLRuqMfd5L84N1V5Vg=="],

    "shebang-regex": ["shebang-regex@1.0.0", "", {}, "sha512-wpoSFAxys6b2a2wHZ1XpDSgD7N9iVjg29Ph9uV/uaP9Ex/KXlkTZTeddxDPSYQpgvzKLGJke2UU0AzoGCjNIvQ=="],

    "shell-quote": ["shell-quote@1.8.3", "", {}, "sha512-ObmnIF4hXNg1BqhnHmgbDETF8dLPCggZWBjkQfhZpbszZnYur5DUljTcCHii5LC3J5E0yeO/1LIMyH+UvHQgyw=="],

    "signal-exit": ["signal-exit@3.0.7", "", {}, "sha512-wnD2ZE+l+SPC/uoS0vXeE9L1+0wuaMqKlfz9AMUo38JsyLSBWSFcHR1Rri62LZc12vLr1gb3jl7iwQhgwpAbGQ=="],

    "simple-xml-to-json": ["simple-xml-to-json@1.2.3", "", {}, "sha512-kWJDCr9EWtZ+/EYYM5MareWj2cRnZGF93YDNpH4jQiHB+hBIZnfPFSQiVMzZOdk+zXWqTZ/9fTeQNu2DqeiudA=="],

    "sisteransi": ["sisteransi@1.0.5", "", {}, "sha512-bLGGlR1QxBcynn2d5YmDX4MGjlZvy2MRBDRNHLJ8VI6l6+9FUiyTFNJ0IveOSP0bcXgVDPRcfGqA0pjaqUpfVg=="],

    "stage-js": ["stage-js@1.0.1", "", {}, "sha512-cz14aPp/wY0s3bkb/B93BPP5ZAEhgBbRmAT3CCDqert8eCAqIpQ0RB2zpK8Ksxf+Pisl5oTzvPHtL4CVzzeHcw=="],

    "string-dedent": ["string-dedent@3.0.2", "", {}, "sha512-M4q+HpHCtGXlbyzYDOcOo7V185dlq6YXvGUPcWZqL4vttCX9gFYoWIOxcPd7v5CAYcTJsGLs3ZJCAH2TXONF/g=="],

    "string_decoder": ["string_decoder@1.3.0", "", { "dependencies": { "safe-buffer": "~5.2.0" } }, "sha512-hkRX8U1WjJFd8LsDJ2yQ/wWWxaopEsABU1XfkM8A+j0+85JAGppt16cr1Whg6KIbb4okU6Mql6BOj+uup/wKeA=="],

    "strip-ansi": ["strip-ansi@7.1.2", "", { "dependencies": { "ansi-regex": "^6.0.1" } }, "sha512-gmBGslpoQJtgnMAvOVqGZpEz9dyoKTCzy2nfz/n8aIFhN/jCE/rCmcxabB6jOOHV+0WNnylOxaxBQPSvcWklhA=="],

    "strip-eof": ["strip-eof@1.0.0", "", {}, "sha512-7FCwGGmx8mD5xQd3RPUvnSpUXHM3BWuzjtpD4TXsfcZ9EL4azvVVUscFYwD9nx8Kh+uCBC00XBtAykoMHwTh8Q=="],

    "strtok3": ["strtok3@6.3.0", "", { "dependencies": { "@tokenizer/token": "^0.3.0", "peek-readable": "^4.1.0" } }, "sha512-fZtbhtvI9I48xDSywd/somNqgUHl2L2cstmXCCif0itOf96jeW18MBSyrLuNicYQVkvpOxkZtkzujiTJ9LW5Jw=="],

    "supports-color": ["supports-color@10.2.2", "", {}, "sha512-SS+jx45GF1QjgEXQx4NJZV9ImqmO2NPz5FNsIHrsDjh2YsHnawpan7SNQ1o8NuhrbHZy9AZhIoCUiCeaW/C80g=="],

    "three": ["three@0.177.0", "", {}, "sha512-EiXv5/qWAaGI+Vz2A+JfavwYCMdGjxVsrn3oBwllUoqYeaBO75J63ZfyaQKoiLrqNHoTlUc6PFgMXnS0kI45zg=="],

    "tiny-inflate": ["tiny-inflate@1.0.3", "", {}, "sha512-pkY1fj1cKHb2seWDy0B16HeWyczlJA9/WW3u3c4z/NiWDsO3DOU5D7nhTLE9CF0yXv/QZFY7sEJmj24dK+Rrqw=="],

    "tinycolor2": ["tinycolor2@1.6.0", "", {}, "sha512-XPaBkWQJdsf3pLKJV9p4qN/S+fm2Oj8AIPo1BTUhg5oxkvm9+SVEGFdhyOz7tTdUTfvxMiAs4sp6/eZO2Ew+pw=="],

    "token-types": ["token-types@4.2.1", "", { "dependencies": { "@tokenizer/token": "^0.3.0", "ieee754": "^1.2.1" } }, "sha512-6udB24Q737UD/SDsKAHI9FCRP7Bqc9D/MQUV02ORQg5iskjtLJlZJNdN4kKtcdtwCeWIwIHDGaUsTsCCAa8sFQ=="],

    "tslib": ["tslib@2.8.1", "", {}, "sha512-oJFu94HQb+KVduSUQL7wnpmqnfmLsOA/nAh6b6EH0wCEoK0/mPeXU6c3wKDV83MkOuHPRHtSXKKU99IBazS/2w=="],

    "tuistory": ["tuistory@0.0.13", "", { "dependencies": { "@hono/node-server": "^1.19.9", "ghostty-opentui": "^1.3.13", "goke": "^6.1.3", "hono": "^4.11.7", "kill-port-process": "^3.2.1", "picocolors": "^1.1.1", "string-dedent": "^3.0.1", "zod": "4.3.6" }, "optionalDependencies": { "node-pty": "0.10.1" }, "bin": { "tuistory": "dist/cli.js" } }, "sha512-wMrIEEntFXSHz+MA4SpRqpWmim8Y/ReEhhN3yqsUGiPxV/zJYHEqkj45+aYNUZ1kjeD8WqlmCv3Po595AJCseQ=="],

    "typescript": ["typescript@5.9.3", "", { "bin": { "tsc": "bin/tsc", "tsserver": "bin/tsserver" } }, "sha512-jl1vZzPDinLr9eUt3J/t7V6FgNEw9QjvBPdysz9KfQDD41fQrC2Y4vKQdiaUpFT4bXlb1RHhLpp8wtm6M5TgSw=="],

    "undici-types": ["undici-types@7.16.0", "", {}, "sha512-Zz+aZWSj8LE6zoxD+xrjh4VfkIG8Ya6LvYkZqtUQGJPZjYl53ypCaUwWqo7eI0x66KBGeRo+mlBEkMSeSZ38Nw=="],

    "unicode-properties": ["unicode-properties@1.4.1", "", { "dependencies": { "base64-js": "^1.3.0", "unicode-trie": "^2.0.0" } }, "sha512-CLjCCLQ6UuMxWnbIylkisbRj31qxHPAurvena/0iwSVbQ2G1VY5/HjV0IRabOEbDHlzZlRdCrD4NhB0JtU40Pg=="],

    "unicode-trie": ["unicode-trie@2.0.0", "", { "dependencies": { "pako": "^0.2.5", "tiny-inflate": "^1.0.0" } }, "sha512-x7bc76x0bm4prf1VLg79uhAzKw8DVboClSN5VxJuQ+LKDOVEW9CdH+VY7SP+vX7xCYQqzzgQpFqz15zeLvAtZQ=="],

    "utif2": ["utif2@4.1.0", "", { "dependencies": { "pako": "^1.0.11" } }, "sha512-+oknB9FHrJ7oW7A2WZYajOcv4FcDR4CfoGB0dPNfxbi4GO05RRnFmt5oa23+9w32EanrYcSJWspUiJkLMs+37w=="],

    "web-tree-sitter": ["web-tree-sitter@0.25.10", "", { "peerDependencies": { "@types/emscripten": "^1.40.0" }, "optionalPeers": ["@types/emscripten"] }, "sha512-Y09sF44/13XvgVKgO2cNDw5rGk6s26MgoZPXLESvMXeefBf7i6/73eFurre0IsTW6E14Y0ArIzhUMmjoc7xyzA=="],

    "which": ["which@1.3.1", "", { "dependencies": { "isexe": "^2.0.0" }, "bin": { "which": "./bin/which" } }, "sha512-HxJdYWq1MTIQbJ3nw0cqssHoTNU267KlrDuGZ1WYlxDStUtKUhOaJmh112/TZmHxxUfuJqPXSOm7tDyas0OSIQ=="],

    "ws": ["ws@8.18.0", "", { "peerDependencies": { "bufferutil": "^4.0.1", "utf-8-validate": ">=5.0.2" }, "optionalPeers": ["bufferutil", "utf-8-validate"] }, "sha512-8VbfWfHLbbwu3+N6OKsOMpBdT4kXPDDB9cJk2bJ6mh9ucxdlnNvH1e+roYkKmN9Nxw2yjz7VzeO9oOz2zJ04Pw=="],

    "xml-parse-from-string": ["xml-parse-from-string@1.0.1", "", {}, "sha512-ErcKwJTF54uRzzNMXq2X5sMIy88zJvfN2DmdoQvy7PAFJ+tPRU6ydWuOKNMyfmOjdyBQTFREi60s0Y0SyI0G0g=="],

    "xml2js": ["xml2js@0.5.0", "", { "dependencies": { "sax": ">=0.6.0", "xmlbuilder": "~11.0.0" } }, "sha512-drPFnkQJik/O+uPKpqSgr22mpuFHqKdbS835iAQrUC73L2F5WkboIRd63ai/2Yg6I1jzifPFKH2NTK+cfglkIA=="],

    "xmlbuilder": ["xmlbuilder@11.0.1", "", {}, "sha512-fDlsI/kFEx7gLvbecc0/ohLG50fugQp8ryHzMTuW9vSa1GJ0XYWKnhsUx7oie3G98+r56aTQIUB4kht42R3JvA=="],

    "yallist": ["yallist@2.1.2", "", {}, "sha512-ncTzHV7NvsQZkYe1DW7cbDLm0YpzHmZF5r/iyP3ZnQtMiJ+pjzisCiMNI+Sj+xQF5pXhSHxSB3uDbsBTzY/c2A=="],

    "yoga-layout": ["yoga-layout@3.2.1", "", {}, "sha512-0LPOt3AxKqMdFBZA3HBAt/t/8vIKq7VaQYbuA8WxCgung+p9TVyKRYdpvCb80HcdTN2NkbIKbhNwKUfm3tQywQ=="],

    "zod": ["zod@4.3.6", "", {}, "sha512-rftlrkhHZOcjDwkGlnUtZZkvaPHCsDATp4pGpuOOMDaTdDDXF91wuVDJoWoPsKX/3YPQ5fHuF3STjcYyKr+Qhg=="],

    "zustand": ["zustand@5.0.11", "", { "peerDependencies": { "@types/react": ">=18.0.0", "immer": ">=9.0.6", "react": ">=18.0.0", "use-sync-external-store": ">=1.2.0" }, "optionalPeers": ["@types/react", "immer", "react", "use-sync-external-store"] }, "sha512-fdZY+dk7zn/vbWNCYmzZULHRrss0jx5pPFiOuMZ/5HJN6Yv3u+1Wswy/4MpZEkEGhtNH+pwxZB8OKgUBPzYAGg=="],

    "@jimp/plugin-blit/zod": ["zod@3.25.76", "", {}, "sha512-gzUt/qt81nXsFGKIFcC3YnfEAx5NkunCfnDlvuBSSFS02bcXu4Lmea0AFIUwbLWxWPx3d9p8S5QoaujKcNQxcQ=="],

    "@jimp/plugin-circle/zod": ["zod@3.25.76", "", {}, "sha512-gzUt/qt81nXsFGKIFcC3YnfEAx5NkunCfnDlvuBSSFS02bcXu4Lmea0AFIUwbLWxWPx3d9p8S5QoaujKcNQxcQ=="],

    "@jimp/plugin-color/zod": ["zod@3.25.76", "", {}, "sha512-gzUt/qt81nXsFGKIFcC3YnfEAx5NkunCfnDlvuBSSFS02bcXu4Lmea0AFIUwbLWxWPx3d9p8S5QoaujKcNQxcQ=="],

    "@jimp/plugin-contain/zod": ["zod@3.25.76", "", {}, "sha512-gzUt/qt81nXsFGKIFcC3YnfEAx5NkunCfnDlvuBSSFS02bcXu4Lmea0AFIUwbLWxWPx3d9p8S5QoaujKcNQxcQ=="],

    "@jimp/plugin-cover/zod": ["zod@3.25.76", "", {}, "sha512-gzUt/qt81nXsFGKIFcC3YnfEAx5NkunCfnDlvuBSSFS02bcXu4Lmea0AFIUwbLWxWPx3d9p8S5QoaujKcNQxcQ=="],

    "@jimp/plugin-crop/zod": ["zod@3.25.76", "", {}, "sha512-gzUt/qt81nXsFGKIFcC3YnfEAx5NkunCfnDlvuBSSFS02bcXu4Lmea0AFIUwbLWxWPx3d9p8S5QoaujKcNQxcQ=="],

    "@jimp/plugin-displace/zod": ["zod@3.25.76", "", {}, "sha512-gzUt/qt81nXsFGKIFcC3YnfEAx5NkunCfnDlvuBSSFS02bcXu4Lmea0AFIUwbLWxWPx3d9p8S5QoaujKcNQxcQ=="],

    "@jimp/plugin-fisheye/zod": ["zod@3.25.76", "", {}, "sha512-gzUt/qt81nXsFGKIFcC3YnfEAx5NkunCfnDlvuBSSFS02bcXu4Lmea0AFIUwbLWxWPx3d9p8S5QoaujKcNQxcQ=="],

    "@jimp/plugin-flip/zod": ["zod@3.25.76", "", {}, "sha512-gzUt/qt81nXsFGKIFcC3YnfEAx5NkunCfnDlvuBSSFS02bcXu4Lmea0AFIUwbLWxWPx3d9p8S5QoaujKcNQxcQ=="],

    "@jimp/plugin-mask/zod": ["zod@3.25.76", "", {}, "sha512-gzUt/qt81nXsFGKIFcC3YnfEAx5NkunCfnDlvuBSSFS02bcXu4Lmea0AFIUwbLWxWPx3d9p8S5QoaujKcNQxcQ=="],

    "@jimp/plugin-print/zod": ["zod@3.25.76", "", {}, "sha512-gzUt/qt81nXsFGKIFcC3YnfEAx5NkunCfnDlvuBSSFS02bcXu4Lmea0AFIUwbLWxWPx3d9p8S5QoaujKcNQxcQ=="],

    "@jimp/plugin-quantize/zod": ["zod@3.25.76", "", {}, "sha512-gzUt/qt81nXsFGKIFcC3YnfEAx5NkunCfnDlvuBSSFS02bcXu4Lmea0AFIUwbLWxWPx3d9p8S5QoaujKcNQxcQ=="],

    "@jimp/plugin-resize/zod": ["zod@3.25.76", "", {}, "sha512-gzUt/qt81nXsFGKIFcC3YnfEAx5NkunCfnDlvuBSSFS02bcXu4Lmea0AFIUwbLWxWPx3d9p8S5QoaujKcNQxcQ=="],

    "@jimp/plugin-rotate/zod": ["zod@3.25.76", "", {}, "sha512-gzUt/qt81nXsFGKIFcC3YnfEAx5NkunCfnDlvuBSSFS02bcXu4Lmea0AFIUwbLWxWPx3d9p8S5QoaujKcNQxcQ=="],

    "@jimp/plugin-threshold/zod": ["zod@3.25.76", "", {}, "sha512-gzUt/qt81nXsFGKIFcC3YnfEAx5NkunCfnDlvuBSSFS02bcXu4Lmea0AFIUwbLWxWPx3d9p8S5QoaujKcNQxcQ=="],

    "@jimp/types/zod": ["zod@3.25.76", "", {}, "sha512-gzUt/qt81nXsFGKIFcC3YnfEAx5NkunCfnDlvuBSSFS02bcXu4Lmea0AFIUwbLWxWPx3d9p8S5QoaujKcNQxcQ=="],

    "@opentuah/core/diff": ["diff@8.0.2", "", {}, "sha512-sSuxWU5j5SR9QQji/o2qMvqRNYRDOcBTgsJ/DeCf4iSN4gW+gNMXM7wFIP+fdXZxoNiAnHUTGjCr+TSWXdRDKg=="],

    "brotli/base64-js": ["base64-js@1.5.1", "", {}, "sha512-AKpaYlHn8t4SVbOHCy+b5+KKgvR4vrsD8vbvrbiQJps7fKDTkjkDry6ji0rUJjC0kzbNePLwzxq8iypo41qeWA=="],

    "buffer/base64-js": ["base64-js@1.5.1", "", {}, "sha512-AKpaYlHn8t4SVbOHCy+b5+KKgvR4vrsD8vbvrbiQJps7fKDTkjkDry6ji0rUJjC0kzbNePLwzxq8iypo41qeWA=="],

    "image-q/@types/node": ["@types/node@16.9.1", "", {}, "sha512-QpLcX9ZSsq3YYUUnD3nFDY8H7wctAhQj/TFKL8Ya8v5fMm3CFXxo8zStsLAl780ltoYoo1WvKUVGBQK+1ifr7g=="],

    "pixelmatch/pngjs": ["pngjs@6.0.0", "", {}, "sha512-TRzzuFRRmEoSW/p1KVAmiOgPco2Irlah+bGFCeNfJXxxYGwSw7YwAOAcd7X28K/m5bjBWKsC29KyoMfHbypayg=="],

    "react-devtools-core/ws": ["ws@7.5.10", "", { "peerDependencies": { "bufferutil": "^4.0.1", "utf-8-validate": "^5.0.2" }, "optionalPeers": ["bufferutil", "utf-8-validate"] }, "sha512-+dbF1tHwZpXcbOJdVOkzLDxZP1ailvSxM6ZweXTegylPny803bFhA+vqBYw4s31NSAk4S2Qz+AKXK9a4wkdjcQ=="],

    "tuistory/goke": ["goke@6.1.3", "", { "dependencies": { "picocolors": "^1.1.1" } }, "sha512-Us/lVxKgBgxdiXp1IPnByf6VuZWvBpimIxRsGB6SWTxGMsOipsYqTc9ZuIE6zKuookxobxKwzx4wUHf0Y+hkdg=="],

    "unicode-properties/base64-js": ["base64-js@1.5.1", "", {}, "sha512-AKpaYlHn8t4SVbOHCy+b5+KKgvR4vrsD8vbvrbiQJps7fKDTkjkDry6ji0rUJjC0kzbNePLwzxq8iypo41qeWA=="],

    "utif2/pako": ["pako@1.0.11", "", {}, "sha512-4hLB8Py4zZce5s4yd9XzopqwVv/yGNhV1Bl8NTmCq1763HeK2+EwVTv+leGeL13Dnh2wfbqowVPXCIO0z4taYw=="],
  }
}
